{
  "originHash" : "25edd8b68bbfcf78cfaabdb16baab4e434df8a2b922f03184f4ef7bbf554ab0d",
  "pins" : [
    {
      "identity" : "keyboardshortcuts",
      "kind" : "remoteSourceControl",
      "location" : "https://github.com/sindresorhus/KeyboardShortcuts",
      "state" : {
        "revision" : "09e4a10ed6b65b3a40fe07b6bf0c84809313efc4",
        "version" : "2.0.0"
      }
    },
    {
      "identity" : "swift-argument-parser",
      "kind" : "remoteSourceControl",
      "location" : "https://github.com/apple/swift-argument-parser",
      "state" : {
        "revision" : "46989693916f56d1186bd59ac15124caef896560",
        "version" : "1.3.1"
      }
    }
  ],
  "version" : 3
}
