{
  "originHash" : "b21a72fbe6bfcb3ec246aca4ae467698df655cd2b3c4a8a11e6f9aeb7ef66209",
  "pins" : [
    {
      "identity" : "swiftformat",
      "kind" : "remoteSourceControl",
      "location" : "https://github.com/nicklockwood/SwiftFormat",
      "state" : {
        "revision" : "9df3b01f477163b33d5e63c5e2e5b9f946a49c56",
        "version" : "0.53.6"
      }
    }
  ],
  "version" : 3
}
